# This file is generated by running "yarn install" inside your project.
# Manual changes might be lost - proceed with caution!

__metadata:
  version: 8
  cacheKey: 10c0

"test@workspace:.":
  version: 0.0.0-use.local
  resolution: "test@workspace:."
  languageName: unknown
  linkType: soft

"yarn-monorepo-test-1@workspace:packages/yarn-monorepo-test-1":
  version: 0.0.0-use.local
  resolution: "yarn-monorepo-test-1@workspace:packages/yarn-monorepo-test-1"
  languageName: unknown
  linkType: soft

"yarn-monorepo-test-2@workspace:packages/yarn-monorepo-test-2":
  version: 0.0.0-use.local
  resolution: "yarn-monorepo-test-2@workspace:packages/yarn-monorepo-test-2"
  languageName: unknown
  linkType: soft

"yarn-monorepo-test-3@workspace:packages/yarn-monorepo-test-3":
  version: 0.0.0-use.local
  resolution: "yarn-monorepo-test-3@workspace:packages/yarn-monorepo-test-3"
  languageName: unknown
  linkType: soft
